
Microsoft Visual Studio Solution File, Format Version 12.00
# Visual Studio 14
VisualStudioVersion = 14.0.23107.0
MinimumVisualStudioVersion = 10.0.40219.1
Project("{F2A71F9B-5D33-465A-A702-920D77279786}") = "ReadBook", "lib\ReadBook.fsproj", "{557115B9-0862-4661-84F1-EFE6E56266DD}"
EndProject
Project("{F2A71F9B-5D33-465A-A702-920D77279786}") = "Tests", "tests\Tests.fsproj", "{72864E1B-303E-467B-A678-9E6F34DAF058}"
EndProject
Global
	GlobalSection(SolutionConfigurationPlatforms) = preSolution
		Debug|Any CPU = Debug|Any CPU
		Release|Any CPU = Release|Any CPU
	EndGlobalSection
	GlobalSection(ProjectConfigurationPlatforms) = postSolution
		{557115B9-0862-4661-84F1-EFE6E56266DD}.Debug|Any CPU.ActiveCfg = Debug|Any CPU
		{557115B9-0862-4661-84F1-EFE6E56266DD}.Debug|Any CPU.Build.0 = Debug|Any CPU
		{557115B9-0862-4661-84F1-EFE6E56266DD}.Release|Any CPU.ActiveCfg = Release|Any CPU
		{557115B9-0862-4661-84F1-EFE6E56266DD}.Release|Any CPU.Build.0 = Release|Any CPU
		{72864E1B-303E-467B-A678-9E6F34DAF058}.Debug|Any CPU.ActiveCfg = Debug|Any CPU
		{72864E1B-303E-467B-A678-9E6F34DAF058}.Debug|Any CPU.Build.0 = Debug|Any CPU
		{72864E1B-303E-467B-A678-9E6F34DAF058}.Release|Any CPU.ActiveCfg = Release|Any CPU
		{72864E1B-303E-467B-A678-9E6F34DAF058}.Release|Any CPU.Build.0 = Release|Any CPU
	EndGlobalSection
	GlobalSection(SolutionProperties) = preSolution
		HideSolutionNode = FALSE
	EndGlobalSection
EndGlobal
